
Microsoft Visual Studio Solution File, Format Version 12.00
# Visual Studio 2012
Project("{FAE04EC0-301F-11D3-BF4B-00C04F79EFBC}") = "FacebookImageDownloader", "FacebookImageDownloader\FacebookImageDownloader.csproj", "{863A22D8-9BB0-4734-88AB-87742F3FDC62}"
EndProject
Project("{FAE04EC0-301F-11D3-BF4B-00C04F79EFBC}") = "FacebookImageDownloader.Test", "FacebookImageDownloader.Test\FacebookImageDownloader.Test.csproj", "{60450398-2DBF-4772-B9F3-194E2D101384}"
EndProject
Global
	GlobalSection(SolutionConfigurationPlatforms) = preSolution
		Debug|Any CPU = Debug|Any CPU
		Release|Any CPU = Release|Any CPU
	EndGlobalSection
	GlobalSection(ProjectConfigurationPlatforms) = postSolution
		{863A22D8-9BB0-4734-88AB-87742F3FDC62}.Debug|Any CPU.ActiveCfg = Debug|Any CPU
		{863A22D8-9BB0-4734-88AB-87742F3FDC62}.Debug|Any CPU.Build.0 = Debug|Any CPU
		{863A22D8-9BB0-4734-88AB-87742F3FDC62}.Release|Any CPU.ActiveCfg = Release|Any CPU
		{863A22D8-9BB0-4734-88AB-87742F3FDC62}.Release|Any CPU.Build.0 = Release|Any CPU
		{60450398-2DBF-4772-B9F3-194E2D101384}.Debug|Any CPU.ActiveCfg = Debug|Any CPU
		{60450398-2DBF-4772-B9F3-194E2D101384}.Debug|Any CPU.Build.0 = Debug|Any CPU
		{60450398-2DBF-4772-B9F3-194E2D101384}.Release|Any CPU.ActiveCfg = Release|Any CPU
		{60450398-2DBF-4772-B9F3-194E2D101384}.Release|Any CPU.Build.0 = Release|Any CPU
	EndGlobalSection
EndGlobal
